
Microsoft Visual Studio Solution File, Format Version 12.00
# Visual Studio Version 17
VisualStudioVersion = 17.14.36127.28 d17.14
MinimumVisualStudioVersion = 10.0.40219.1
Project("{FAE04EC0-301F-11D3-BF4B-00C04F79EFBC}") = "CatalogoAPI", "CatalogoAPI.csproj", "{D9B93CC7-65EB-4D41-8265-F0462D626496}"
EndProject
Global
	GlobalSection(SolutionConfigurationPlatforms) = preSolution
		Debug|Any CPU = Debug|Any CPU
		Release|Any CPU = Release|Any CPU
	EndGlobalSection
	GlobalSection(ProjectConfigurationPlatforms) = postSolution
		{D9B93CC7-65EB-4D41-8265-F0462D626496}.Debug|Any CPU.ActiveCfg = Debug|Any CPU
		{D9B93CC7-65EB-4D41-8265-F0462D626496}.Debug|Any CPU.Build.0 = Debug|Any CPU
		{D9B93CC7-65EB-4D41-8265-F0462D626496}.Release|Any CPU.ActiveCfg = Release|Any CPU
		{D9B93CC7-65EB-4D41-8265-F0462D626496}.Release|Any CPU.Build.0 = Release|Any CPU
	EndGlobalSection
	GlobalSection(SolutionProperties) = preSolution
		HideSolutionNode = FALSE
	EndGlobalSection
	GlobalSection(ExtensibilityGlobals) = postSolution
		SolutionGuid = {D3E168B5-643E-4430-8370-EA9B0109BDB8}
	EndGlobalSection
EndGlobal
